
Microsoft Visual Studio Solution File, Format Version 12.00
# Visual Studio Version 17
VisualStudioVersion = 17.9.34728.123
MinimumVisualStudioVersion = 10.0.40219.1
Project("{FAE04EC0-301F-11D3-BF4B-00C04F79EFBC}") = "TravelMemories", "TravelMemories\TravelMemories.csproj", "{11029A69-B9A6-4364-90A0-3001C9D21DAF}"
EndProject
Project("{FAE04EC0-301F-11D3-BF4B-00C04F79EFBC}") = "TravelMemoriesBackend.Contracts", "TravelMemoriesBackend.Contracts\TravelMemoriesBackend.Contracts.csproj", "{015C33A0-4414-4A93-BEDC-83A0AC6255DF}"
EndProject
Global
	GlobalSection(SolutionConfigurationPlatforms) = preSolution
		Debug|Any CPU = Debug|Any CPU
		Release|Any CPU = Release|Any CPU
	EndGlobalSection
	GlobalSection(ProjectConfigurationPlatforms) = postSolution
		{11029A69-B9A6-4364-90A0-3001C9D21DAF}.Debug|Any CPU.ActiveCfg = Debug|Any CPU
		{11029A69-B9A6-4364-90A0-3001C9D21DAF}.Debug|Any CPU.Build.0 = Debug|Any CPU
		{11029A69-B9A6-4364-90A0-3001C9D21DAF}.Release|Any CPU.ActiveCfg = Release|Any CPU
		{11029A69-B9A6-4364-90A0-3001C9D21DAF}.Release|Any CPU.Build.0 = Release|Any CPU
		{015C33A0-4414-4A93-BEDC-83A0AC6255DF}.Debug|Any CPU.ActiveCfg = Debug|Any CPU
		{015C33A0-4414-4A93-BEDC-83A0AC6255DF}.Debug|Any CPU.Build.0 = Debug|Any CPU
		{015C33A0-4414-4A93-BEDC-83A0AC6255DF}.Release|Any CPU.ActiveCfg = Release|Any CPU
		{015C33A0-4414-4A93-BEDC-83A0AC6255DF}.Release|Any CPU.Build.0 = Release|Any CPU
	EndGlobalSection
	GlobalSection(SolutionProperties) = preSolution
		HideSolutionNode = FALSE
	EndGlobalSection
	GlobalSection(ExtensibilityGlobals) = postSolution
		SolutionGuid = {87F73773-59DA-4846-8120-5790A29101DB}
	EndGlobalSection
EndGlobal
